
Microsoft Visual Studio Solution File, Format Version 12.00
# Visual Studio Version 17
VisualStudioVersion = 17.0.31919.166
MinimumVisualStudioVersion = 10.0.40219.1
Project("{FAE04EC0-301F-11D3-BF4B-00C04F79EFBC}") = "Shop", "Shop\Shop.csproj", "{7F5329B5-E123-4904-9BC7-59F15B38A735}"
EndProject
Global
	GlobalSection(SolutionConfigurationPlatforms) = preSolution
		Debug|Any CPU = Debug|Any CPU
		Release|Any CPU = Release|Any CPU
	EndGlobalSection
	GlobalSection(ProjectConfigurationPlatforms) = postSolution
		{7F5329B5-E123-4904-9BC7-59F15B38A735}.Debug|Any CPU.ActiveCfg = Debug|Any CPU
		{7F5329B5-E123-4904-9BC7-59F15B38A735}.Debug|Any CPU.Build.0 = Debug|Any CPU
		{7F5329B5-E123-4904-9BC7-59F15B38A735}.Release|Any CPU.ActiveCfg = Release|Any CPU
		{7F5329B5-E123-4904-9BC7-59F15B38A735}.Release|Any CPU.Build.0 = Release|Any CPU
	EndGlobalSection
	GlobalSection(SolutionProperties) = preSolution
		HideSolutionNode = FALSE
	EndGlobalSection
	GlobalSection(ExtensibilityGlobals) = postSolution
		SolutionGuid = {C3BD637D-19E6-457E-9082-D210E3B0E694}
	EndGlobalSection
EndGlobal
